
Microsoft Visual Studio Solution File, Format Version 12.00
# Visual Studio Version 17
VisualStudioVersion = 17.1.32210.238
MinimumVisualStudioVersion = 10.0.40219.1
Project("{FAE04EC0-301F-11D3-BF4B-00C04F79EFBC}") = "POWR Upload Portal 2", "POWR Upload Portal 2\POWR Upload Portal 2.csproj", "{5AE35233-BBC9-45FC-9CE8-4C65594186FC}"
EndProject
Global
	GlobalSection(SolutionConfigurationPlatforms) = preSolution
		Debug|Any CPU = Debug|Any CPU
		Release|Any CPU = Release|Any CPU
	EndGlobalSection
	GlobalSection(ProjectConfigurationPlatforms) = postSolution
		{5AE35233-BBC9-45FC-9CE8-4C65594186FC}.Debug|Any CPU.ActiveCfg = Debug|Any CPU
		{5AE35233-BBC9-45FC-9CE8-4C65594186FC}.Debug|Any CPU.Build.0 = Debug|Any CPU
		{5AE35233-BBC9-45FC-9CE8-4C65594186FC}.Release|Any CPU.ActiveCfg = Release|Any CPU
		{5AE35233-BBC9-45FC-9CE8-4C65594186FC}.Release|Any CPU.Build.0 = Release|Any CPU
	EndGlobalSection
	GlobalSection(SolutionProperties) = preSolution
		HideSolutionNode = FALSE
	EndGlobalSection
	GlobalSection(ExtensibilityGlobals) = postSolution
		SolutionGuid = {32BEBA37-9BE1-4121-B627-911781711506}
	EndGlobalSection
EndGlobal
